// !$*UTF8*$!
{
	archiveVersion = 1;
	classes = {
	};
	objectVersion = 50;
	objects = {

/* Begin PBXBuildFile section */
		003BAED0213C9E3200E04E44 /* UsersViewController.swift in Sources */ = {isa = PBXBuildFile; fileRef = 003BAECE213C9E3200E04E44 /* UsersViewController.swift */; };
		003BAED1213C9E3200E04E44 /* UsersViewController.xib in Resources */ = {isa = PBXBuildFile; fileRef = 003BAECF213C9E3200E04E44 /* UsersViewController.xib */; };
		003BAED6213C9F9E00E04E44 /* UsersTableViewCell.swift in Sources */ = {isa = PBXBuildFile; fileRef = 003BAED4213C9F9E00E04E44 /* UsersTableViewCell.swift */; };
		003BAED7213C9F9E00E04E44 /* UsersTableViewCell.xib in Resources */ = {isa = PBXBuildFile; fileRef = 003BAED5213C9F9E00E04E44 /* UsersTableViewCell.xib */; };
		003BAEDA213CA9A300E04E44 /* UserModel.swift in Sources */ = {isa = PBXBuildFile; fileRef = 003BAED9213CA9A300E04E44 /* UserModel.swift */; };
		00EB21D0213C9C9900796168 /* AppDelegate.swift in Sources */ = {isa = PBXBuildFile; fileRef = 00EB21CF213C9C9900796168 /* AppDelegate.swift */; };
		00EB21D2213C9C9900796168 /* ViewController.swift in Sources */ = {isa = PBXBuildFile; fileRef = 00EB21D1213C9C9900796168 /* ViewController.swift */; };
		00EB21D5213C9C9900796168 /* Main.storyboard in Resources */ = {isa = PBXBuildFile; fileRef = 00EB21D3213C9C9900796168 /* Main.storyboard */; };
		00EB21D7213C9CA000796168 /* Assets.xcassets in Resources */ = {isa = PBXBuildFile; fileRef = 00EB21D6213C9CA000796168 /* Assets.xcassets */; };
		00EB21DA213C9CA000796168 /* LaunchScreen.storyboard in Resources */ = {isa = PBXBuildFile; fileRef = 00EB21D8213C9CA000796168 /* LaunchScreen.storyboard */; };
		00EB21E5213C9CA000796168 /* AlamoJsonTests.swift in Sources */ = {isa = PBXBuildFile; fileRef = 00EB21E4213C9CA000796168 /* AlamoJsonTests.swift */; };
		00EB21F0213C9CA000796168 /* AlamoJsonUITests.swift in Sources */ = {isa = PBXBuildFile; fileRef = 00EB21EF213C9CA000796168 /* AlamoJsonUITests.swift */; };
		DC85A46590B3589D7CB14CCF /* Pods_AlamoJson.framework in Frameworks */ = {isa = PBXBuildFile; fileRef = F648636BC531C473681FDE03 /* Pods_AlamoJson.framework */; };
/* End PBXBuildFile section */

/* Begin PBXContainerItemProxy section */
		00EB21E1213C9CA000796168 /* PBXContainerItemProxy */ = {
			isa = PBXContainerItemProxy;
			containerPortal = 00EB21C4213C9C9900796168 /* Project object */;
			proxyType = 1;
			remoteGlobalIDString = 00EB21CB213C9C9900796168;
			remoteInfo = AlamoJson;
		};
		00EB21EC213C9CA000796168 /* PBXContainerItemProxy */ = {
			isa = PBXContainerItemProxy;
			containerPortal = 00EB21C4213C9C9900796168 /* Project object */;
			proxyType = 1;
			remoteGlobalIDString = 00EB21CB213C9C9900796168;
			remoteInfo = AlamoJson;
		};
/* End PBXContainerItemProxy section */

/* Begin PBXFileReference section */
		003BAECE213C9E3200E04E44 /* UsersViewController.swift */ = {isa = PBXFileReference; lastKnownFileType = sourcecode.swift; path = UsersViewController.swift; sourceTree = "<group>"; };
		003BAECF213C9E3200E04E44 /* UsersViewController.xib */ = {isa = PBXFileReference; lastKnownFileType = file.xib; path = UsersViewController.xib; sourceTree = "<group>"; };
		003BAED4213C9F9E00E04E44 /* UsersTableViewCell.swift */ = {isa = PBXFileReference; lastKnownFileType = sourcecode.swift; path = UsersTableViewCell.swift; sourceTree = "<group>"; };
		003BAED5213C9F9E00E04E44 /* UsersTableViewCell.xib */ = {isa = PBXFileReference; lastKnownFileType = file.xib; path = UsersTableViewCell.xib; sourceTree = "<group>"; };
		003BAED9213CA9A300E04E44 /* UserModel.swift */ = {isa = PBXFileReference; lastKnownFileType = sourcecode.swift; path = UserModel.swift; sourceTree = "<group>"; };
		00EB21CC213C9C9900796168 /* AlamoJson.app */ = {isa = PBXFileReference; explicitFileType = wrapper.application; includeInIndex = 0; path = AlamoJson.app; sourceTree = BUILT_PRODUCTS_DIR; };
		00EB21CF213C9C9900796168 /* AppDelegate.swift */ = {isa = PBXFileReference; lastKnownFileType = sourcecode.swift; path = AppDelegate.swift; sourceTree = "<group>"; };
		00EB21D1213C9C9900796168 /* ViewController.swift */ = {isa = PBXFileReference; lastKnownFileType = sourcecode.swift; path = ViewController.swift; sourceTree = "<group>"; };
		00EB21D4213C9C9900796168 /* Base */ = {isa = PBXFileReference; lastKnownFileType = file.storyboard; name = Base; path = Base.lproj/Main.storyboard; sourceTree = "<group>"; };
		00EB21D6213C9CA000796168 /* Assets.xcassets */ = {isa = PBXFileReference; lastKnownFileType = folder.assetcatalog; path = Assets.xcassets; sourceTree = "<group>"; };
		00EB21D9213C9CA000796168 /* Base */ = {isa = PBXFileReference; lastKnownFileType = file.storyboard; name = Base; path = Base.lproj/LaunchScreen.storyboard; sourceTree = "<group>"; };
		00EB21DB213C9CA000796168 /* Info.plist */ = {isa = PBXFileReference; lastKnownFileType = text.plist.xml; path = Info.plist; sourceTree = "<group>"; };
		00EB21E0213C9CA000796168 /* AlamoJsonTests.xctest */ = {isa = PBXFileReference; explicitFileType = wrapper.cfbundle; includeInIndex = 0; path = AlamoJsonTests.xctest; sourceTree = BUILT_PRODUCTS_DIR; };
		00EB21E4213C9CA000796168 /* AlamoJsonTests.swift */ = {isa = PBXFileReference; lastKnownFileType = sourcecode.swift; path = AlamoJsonTests.swift; sourceTree = "<group>"; };
		00EB21E6213C9CA000796168 /* Info.plist */ = {isa = PBXFileReference; lastKnownFileType = text.plist.xml; path = Info.plist; sourceTree = "<group>"; };
		00EB21EB213C9CA000796168 /* AlamoJsonUITests.xctest */ = {isa = PBXFileReference; explicitFileType = wrapper.cfbundle; includeInIndex = 0; path = AlamoJsonUITests.xctest; sourceTree = BUILT_PRODUCTS_DIR; };
		00EB21EF213C9CA000796168 /* AlamoJsonUITests.swift */ = {isa = PBXFileReference; lastKnownFileType = sourcecode.swift; path = AlamoJsonUITests.swift; sourceTree = "<group>"; };
		00EB21F1213C9CA000796168 /* Info.plist */ = {isa = PBXFileReference; lastKnownFileType = text.plist.xml; path = Info.plist; sourceTree = "<group>"; };
		7A4FE39EAAC9BD53A446DD32 /* Pods-AlamoJson.release.xcconfig */ = {isa = PBXFileReference; includeInIndex = 1; lastKnownFileType = text.xcconfig; name = "Pods-AlamoJson.release.xcconfig"; path = "Pods/Target Support Files/Pods-AlamoJson/Pods-AlamoJson.release.xcconfig"; sourceTree = "<group>"; };
		7B991F67A55088408D7744CF /* Pods-AlamoJson.debug.xcconfig */ = {isa = PBXFileReference; includeInIndex = 1; lastKnownFileType = text.xcconfig; name = "Pods-AlamoJson.debug.xcconfig"; path = "Pods/Target Support Files/Pods-AlamoJson/Pods-AlamoJson.debug.xcconfig"; sourceTree = "<group>"; };
		F648636BC531C473681FDE03 /* Pods_AlamoJson.framework */ = {isa = PBXFileReference; explicitFileType = wrapper.framework; includeInIndex = 0; path = Pods_AlamoJson.framework; sourceTree = BUILT_PRODUCTS_DIR; };
/* End PBXFileReference section */

/* Begin PBXFrameworksBuildPhase section */
		00EB21C9213C9C9900796168 /* Frameworks */ = {
			isa = PBXFrameworksBuildPhase;
			buildActionMask = 2147483647;
			files = (
				DC85A46590B3589D7CB14CCF /* Pods_AlamoJson.framework in Frameworks */,
			);
			runOnlyForDeploymentPostprocessing = 0;
		};
		00EB21DD213C9CA000796168 /* Frameworks */ = {
			isa = PBXFrameworksBuildPhase;
			buildActionMask = 2147483647;
			files = (
			);
			runOnlyForDeploymentPostprocessing = 0;
		};
		00EB21E8213C9CA000796168 /* Frameworks */ = {
			isa = PBXFrameworksBuildPhase;
			buildActionMask = 2147483647;
			files = (
			);
			runOnlyForDeploymentPostprocessing = 0;
		};
/* End PBXFrameworksBuildPhase section */

/* Begin PBXGroup section */
		003BAED2213C9F3900E04E44 /* Users */ = {
			isa = PBXGroup;
			children = (
				003BAECE213C9E3200E04E44 /* UsersViewController.swift */,
				003BAECF213C9E3200E04E44 /* UsersViewController.xib */,
			);
			path = Users;
			sourceTree = "<group>";
		};
		003BAED3213C9F6300E04E44 /* Cells */ = {
			isa = PBXGroup;
			children = (
				003BAED4213C9F9E00E04E44 /* UsersTableViewCell.swift */,
				003BAED5213C9F9E00E04E44 /* UsersTableViewCell.xib */,
			);
			path = Cells;
			sourceTree = "<group>";
		};
		003BAED8213CA97900E04E44 /* Model */ = {
			isa = PBXGroup;
			children = (
				003BAED9213CA9A300E04E44 /* UserModel.swift */,
			);
			path = Model;
			sourceTree = "<group>";
		};
		00EB21C3213C9C9900796168 = {
			isa = PBXGroup;
			children = (
				00EB21CE213C9C9900796168 /* AlamoJson */,
				00EB21E3213C9CA000796168 /* AlamoJsonTests */,
				00EB21EE213C9CA000796168 /* AlamoJsonUITests */,
				00EB21CD213C9C9900796168 /* Products */,
				ED108ECE64E4BADEE870022C /* Pods */,
				20E92E0D21A44AFC7E965E8B /* Frameworks */,
			);
			sourceTree = "<group>";
		};
		00EB21CD213C9C9900796168 /* Products */ = {
			isa = PBXGroup;
			children = (
				00EB21CC213C9C9900796168 /* AlamoJson.app */,
				00EB21E0213C9CA000796168 /* AlamoJsonTests.xctest */,
				00EB21EB213C9CA000796168 /* AlamoJsonUITests.xctest */,
			);
			name = Products;
			sourceTree = "<group>";
		};
		00EB21CE213C9C9900796168 /* AlamoJson */ = {
			isa = PBXGroup;
			children = (
				003BAED8213CA97900E04E44 /* Model */,
				003BAED3213C9F6300E04E44 /* Cells */,
				003BAED2213C9F3900E04E44 /* Users */,
				00EB21CF213C9C9900796168 /* AppDelegate.swift */,
				00EB21D1213C9C9900796168 /* ViewController.swift */,
				00EB21D3213C9C9900796168 /* Main.storyboard */,
				00EB21D6213C9CA000796168 /* Assets.xcassets */,
				00EB21D8213C9CA000796168 /* LaunchScreen.storyboard */,
				00EB21DB213C9CA000796168 /* Info.plist */,
			);
			path = AlamoJson;
			sourceTree = "<group>";
		};
		00EB21E3213C9CA000796168 /* AlamoJsonTests */ = {
			isa = PBXGroup;
			children = (
				00EB21E4213C9CA000796168 /* AlamoJsonTests.swift */,
				00EB21E6213C9CA000796168 /* Info.plist */,
			);
			path = AlamoJsonTests;
			sourceTree = "<group>";
		};
		00EB21EE213C9CA000796168 /* AlamoJsonUITests */ = {
			isa = PBXGroup;
			children = (
				00EB21EF213C9CA000796168 /* AlamoJsonUITests.swift */,
				00EB21F1213C9CA000796168 /* Info.plist */,
			);
			path = AlamoJsonUITests;
			sourceTree = "<group>";
		};
		20E92E0D21A44AFC7E965E8B /* Frameworks */ = {
			isa = PBXGroup;
			children = (
				F648636BC531C473681FDE03 /* Pods_AlamoJson.framework */,
			);
			name = Frameworks;
			sourceTree = "<group>";
		};
		ED108ECE64E4BADEE870022C /* Pods */ = {
			isa = PBXGroup;
			children = (
				7B991F67A55088408D7744CF /* Pods-AlamoJson.debug.xcconfig */,
				7A4FE39EAAC9BD53A446DD32 /* Pods-AlamoJson.release.xcconfig */,
			);
			name = Pods;
			sourceTree = "<group>";
		};
/* End PBXGroup section */

/* Begin PBXNativeTarget section */
		00EB21CB213C9C9900796168 /* AlamoJson */ = {
			isa = PBXNativeTarget;
			buildConfigurationList = 00EB21F4213C9CA100796168 /* Build configuration list for PBXNativeTarget "AlamoJson" */;
			buildPhases = (
				CB6FEE0E2CCF8DAB541B13C4 /* [CP] Check Pods Manifest.lock */,
				00EB21C8213C9C9900796168 /* Sources */,
				00EB21C9213C9C9900796168 /* Frameworks */,
				00EB21CA213C9C9900796168 /* Resources */,
				3CF4F79A877F53E02F166FE6 /* [CP] Embed Pods Frameworks */,
			);
			buildRules = (
			);
			dependencies = (
			);
			name = AlamoJson;
			productName = AlamoJson;
			productReference = 00EB21CC213C9C9900796168 /* AlamoJson.app */;
			productType = "com.apple.product-type.application";
		};
		00EB21DF213C9CA000796168 /* AlamoJsonTests */ = {
			isa = PBXNativeTarget;
			buildConfigurationList = 00EB21F7213C9CA100796168 /* Build configuration list for PBXNativeTarget "AlamoJsonTests" */;
			buildPhases = (
				00EB21DC213C9CA000796168 /* Sources */,
				00EB21DD213C9CA000796168 /* Frameworks */,
				00EB21DE213C9CA000796168 /* Resources */,
			);
			buildRules = (
			);
			dependencies = (
				00EB21E2213C9CA000796168 /* PBXTargetDependency */,
			);
			name = AlamoJsonTests;
			productName = AlamoJsonTests;
			productReference = 00EB21E0213C9CA000796168 /* AlamoJsonTests.xctest */;
			productType = "com.apple.product-type.bundle.unit-test";
		};
		00EB21EA213C9CA000796168 /* AlamoJsonUITests */ = {
			isa = PBXNativeTarget;
			buildConfigurationList = 00EB21FA213C9CA100796168 /* Build configuration list for PBXNativeTarget "AlamoJsonUITests" */;
			buildPhases = (
				00EB21E7213C9CA000796168 /* Sources */,
				00EB21E8213C9CA000796168 /* Frameworks */,
				00EB21E9213C9CA000796168 /* Resources */,
			);
			buildRules = (
			);
			dependencies = (
				00EB21ED213C9CA000796168 /* PBXTargetDependency */,
			);
			name = AlamoJsonUITests;
			productName = AlamoJsonUITests;
			productReference = 00EB21EB213C9CA000796168 /* AlamoJsonUITests.xctest */;
			productType = "com.apple.product-type.bundle.ui-testing";
		};
/* End PBXNativeTarget section */

/* Begin PBXProject section */
		00EB21C4213C9C9900796168 /* Project object */ = {
			isa = PBXProject;
			attributes = {
				LastSwiftUpdateCheck = 0940;
				LastUpgradeCheck = 0940;
				ORGANIZATIONNAME = InaldoRRibeiro;
				TargetAttributes = {
					00EB21CB213C9C9900796168 = {
						CreatedOnToolsVersion = 9.4.1;
					};
					00EB21DF213C9CA000796168 = {
						CreatedOnToolsVersion = 9.4.1;
						TestTargetID = 00EB21CB213C9C9900796168;
					};
					00EB21EA213C9CA000796168 = {
						CreatedOnToolsVersion = 9.4.1;
						TestTargetID = 00EB21CB213C9C9900796168;
					};
				};
			};
			buildConfigurationList = 00EB21C7213C9C9900796168 /* Build configuration list for PBXProject "AlamoJson" */;
			compatibilityVersion = "Xcode 9.3";
			developmentRegion = en;
			hasScannedForEncodings = 0;
			knownRegions = (
				en,
				Base,
			);
			mainGroup = 00EB21C3213C9C9900796168;
			productRefGroup = 00EB21CD213C9C9900796168 /* Products */;
			projectDirPath = "";
			projectRoot = "";
			targets = (
				00EB21CB213C9C9900796168 /* AlamoJson */,
				00EB21DF213C9CA000796168 /* AlamoJsonTests */,
				00EB21EA213C9CA000796168 /* AlamoJsonUITests */,
			);
		};
/* End PBXProject section */

/* Begin PBXResourcesBuildPhase section */
		00EB21CA213C9C9900796168 /* Resources */ = {
			isa = PBXResourcesBuildPhase;
			buildActionMask = 2147483647;
			files = (
				00EB21DA213C9CA000796168 /* LaunchScreen.storyboard in Resources */,
				003BAED1213C9E3200E04E44 /* UsersViewController.xib in Resources */,
				00EB21D7213C9CA000796168 /* Assets.xcassets in Resources */,
				003BAED7213C9F9E00E04E44 /* UsersTableViewCell.xib in Resources */,
				00EB21D5213C9C9900796168 /* Main.storyboard in Resources */,
			);
			runOnlyForDeploymentPostprocessing = 0;
		};
		00EB21DE213C9CA000796168 /* Resources */ = {
			isa = PBXResourcesBuildPhase;
			buildActionMask = 2147483647;
			files = (
			);
			runOnlyForDeploymentPostprocessing = 0;
		};
		00EB21E9213C9CA000796168 /* Resources */ = {
			isa = PBXResourcesBuildPhase;
			buildActionMask = 2147483647;
			files = (
			);
			runOnlyForDeploymentPostprocessing = 0;
		};
/* End PBXResourcesBuildPhase section */

/* Begin PBXShellScriptBuildPhase section */
		3CF4F79A877F53E02F166FE6 /* [CP] Embed Pods Frameworks */ = {
			isa = PBXShellScriptBuildPhase;
			buildActionMask = 2147483647;
			files = (
			);
			inputPaths = (
				"${SRCROOT}/Pods/Target Support Files/Pods-AlamoJson/Pods-AlamoJson-frameworks.sh",
				"${BUILT_PRODUCTS_DIR}/Alamofire/Alamofire.framework",
				"${BUILT_PRODUCTS_DIR}/SwiftyJSON/SwiftyJSON.framework",
			);
			name = "[CP] Embed Pods Frameworks";
			outputPaths = (
				"${TARGET_BUILD_DIR}/${FRAMEWORKS_FOLDER_PATH}/Alamofire.framework",
				"${TARGET_BUILD_DIR}/${FRAMEWORKS_FOLDER_PATH}/SwiftyJSON.framework",
			);
			runOnlyForDeploymentPostprocessing = 0;
			shellPath = /bin/sh;
			shellScript = "\"${SRCROOT}/Pods/Target Support Files/Pods-AlamoJson/Pods-AlamoJson-frameworks.sh\"\n";
			showEnvVarsInLog = 0;
		};
		CB6FEE0E2CCF8DAB541B13C4 /* [CP] Check Pods Manifest.lock */ = {
			isa = PBXShellScriptBuildPhase;
			buildActionMask = 2147483647;
			files = (
			);
			inputPaths = (
				"${PODS_PODFILE_DIR_PATH}/Podfile.lock",
				"${PODS_ROOT}/Manifest.lock",
			);
			name = "[CP] Check Pods Manifest.lock";
			outputPaths = (
				"$(DERIVED_FILE_DIR)/Pods-AlamoJson-checkManifestLockResult.txt",
			);
			runOnlyForDeploymentPostprocessing = 0;
			shellPath = /bin/sh;
			shellScript = "diff \"${PODS_PODFILE_DIR_PATH}/Podfile.lock\" \"${PODS_ROOT}/Manifest.lock\" > /dev/null\nif [ $? != 0 ] ; then\n    # print error to STDERR\n    echo \"error: The sandbox is not in sync with the Podfile.lock. Run 'pod install' or update your CocoaPods installation.\" >&2\n    exit 1\nfi\n# This output is used by Xcode 'outputs' to avoid re-running this script phase.\necho \"SUCCESS\" > \"${SCRIPT_OUTPUT_FILE_0}\"\n";
			showEnvVarsInLog = 0;
		};
/* End PBXShellScriptBuildPhase section */

/* Begin PBXSourcesBuildPhase section */
		00EB21C8213C9C9900796168 /* Sources */ = {
			isa = PBXSourcesBuildPhase;
			buildActionMask = 2147483647;
			files = (
				003BAED6213C9F9E00E04E44 /* UsersTableViewCell.swift in Sources */,
				00EB21D2213C9C9900796168 /* ViewController.swift in Sources */,
				003BAED0213C9E3200E04E44 /* UsersViewController.swift in Sources */,
				003BAEDA213CA9A300E04E44 /* UserModel.swift in Sources */,
				00EB21D0213C9C9900796168 /* AppDelegate.swift in Sources */,
			);
			runOnlyForDeploymentPostprocessing = 0;
		};
		00EB21DC213C9CA000796168 /* Sources */ = {
			isa = PBXSourcesBuildPhase;
			buildActionMask = 2147483647;
			files = (
				00EB21E5213C9CA000796168 /* AlamoJsonTests.swift in Sources */,
			);
			runOnlyForDeploymentPostprocessing = 0;
		};
		00EB21E7213C9CA000796168 /* Sources */ = {
			isa = PBXSourcesBuildPhase;
			buildActionMask = 2147483647;
			files = (
				00EB21F0213C9CA000796168 /* AlamoJsonUITests.swift in Sources */,
			);
			runOnlyForDeploymentPostprocessing = 0;
		};
/* End PBXSourcesBuildPhase section */

/* Begin PBXTargetDependency section */
		00EB21E2213C9CA000796168 /* PBXTargetDependency */ = {
			isa = PBXTargetDependency;
			target = 00EB21CB213C9C9900796168 /* AlamoJson */;
			targetProxy = 00EB21E1213C9CA000796168 /* PBXContainerItemProxy */;
		};
		00EB21ED213C9CA000796168 /* PBXTargetDependency */ = {
			isa = PBXTargetDependency;
			target = 00EB21CB213C9C9900796168 /* AlamoJson */;
			targetProxy = 00EB21EC213C9CA000796168 /* PBXContainerItemProxy */;
		};
/* End PBXTargetDependency section */

/* Begin PBXVariantGroup section */
		00EB21D3213C9C9900796168 /* Main.storyboard */ = {
			isa = PBXVariantGroup;
			children = (
				00EB21D4213C9C9900796168 /* Base */,
			);
			name = Main.storyboard;
			sourceTree = "<group>";
		};
		00EB21D8213C9CA000796168 /* LaunchScreen.storyboard */ = {
			isa = PBXVariantGroup;
			children = (
				00EB21D9213C9CA000796168 /* Base */,
			);
			name = LaunchScreen.storyboard;
			sourceTree = "<group>";
		};
/* End PBXVariantGroup section */

/* Begin XCBuildConfiguration section */
		00EB21F2213C9CA100796168 /* Debug */ = {
			isa = XCBuildConfiguration;
			buildSettings = {
				ALWAYS_SEARCH_USER_PATHS = NO;
				CLANG_ANALYZER_NONNULL = YES;
				CLANG_ANALYZER_NUMBER_OBJECT_CONVERSION = YES_AGGRESSIVE;
				CLANG_CXX_LANGUAGE_STANDARD = "gnu++14";
				CLANG_CXX_LIBRARY = "libc++";
				CLANG_ENABLE_MODULES = YES;
				CLANG_ENABLE_OBJC_ARC = YES;
				CLANG_ENABLE_OBJC_WEAK = YES;
				CLANG_WARN_BLOCK_CAPTURE_AUTORELEASING = YES;
				CLANG_WARN_BOOL_CONVERSION = YES;
				CLANG_WARN_COMMA = YES;
				CLANG_WARN_CONSTANT_CONVERSION = YES;
				CLANG_WARN_DEPRECATED_OBJC_IMPLEMENTATIONS = YES;
				CLANG_WARN_DIRECT_OBJC_ISA_USAGE = YES_ERROR;
				CLANG_WARN_DOCUMENTATION_COMMENTS = YES;
				CLANG_WARN_EMPTY_BODY = YES;
				CLANG_WARN_ENUM_CONVERSION = YES;
				CLANG_WARN_INFINITE_RECURSION = YES;
				CLANG_WARN_INT_CONVERSION = YES;
				CLANG_WARN_NON_LITERAL_NULL_CONVERSION = YES;
				CLANG_WARN_OBJC_IMPLICIT_RETAIN_SELF = YES;
				CLANG_WARN_OBJC_LITERAL_CONVERSION = YES;
				CLANG_WARN_OBJC_ROOT_CLASS = YES_ERROR;
				CLANG_WARN_RANGE_LOOP_ANALYSIS = YES;
				CLANG_WARN_STRICT_PROTOTYPES = YES;
				CLANG_WARN_SUSPICIOUS_MOVE = YES;
				CLANG_WARN_UNGUARDED_AVAILABILITY = YES_AGGRESSIVE;
				CLANG_WARN_UNREACHABLE_CODE = YES;
				CLANG_WARN__DUPLICATE_METHOD_MATCH = YES;
				CODE_SIGN_IDENTITY = "iPhone Developer";
				COPY_PHASE_STRIP = NO;
				DEBUG_INFORMATION_FORMAT = dwarf;
				ENABLE_STRICT_OBJC_MSGSEND = YES;
				ENABLE_TESTABILITY = YES;
				GCC_C_LANGUAGE_STANDARD = gnu11;
				GCC_DYNAMIC_NO_PIC = NO;
				GCC_NO_COMMON_BLOCKS = YES;
				GCC_OPTIMIZATION_LEVEL = 0;
				GCC_PREPROCESSOR_DEFINITIONS = (
					"DEBUG=1",
					"$(inherited)",
				);
				GCC_WARN_64_TO_32_BIT_CONVERSION = YES;
				GCC_WARN_ABOUT_RETURN_TYPE = YES_ERROR;
				GCC_WARN_UNDECLARED_SELECTOR = YES;
				GCC_WARN_UNINITIALIZED_AUTOS = YES_AGGRESSIVE;
				GCC_WARN_UNUSED_FUNCTION = YES;
				GCC_WARN_UNUSED_VARIABLE = YES;
				IPHONEOS_DEPLOYMENT_TARGET = 11.4;
				MTL_ENABLE_DEBUG_INFO = YES;
				ONLY_ACTIVE_ARCH = YES;
				SDKROOT = iphoneos;
				SWIFT_ACTIVE_COMPILATION_CONDITIONS = DEBUG;
				SWIFT_OPTIMIZATION_LEVEL = "-Onone";
			};
			name = Debug;
		};
		00EB21F3213C9CA100796168 /* Release */ = {
			isa = XCBuildConfiguration;
			buildSettings = {
				ALWAYS_SEARCH_USER_PATHS = NO;
				CLANG_ANALYZER_NONNULL = YES;
				CLANG_ANALYZER_NUMBER_OBJECT_CONVERSION = YES_AGGRESSIVE;
				CLANG_CXX_LANGUAGE_STANDARD = "gnu++14";
				CLANG_CXX_LIBRARY = "libc++";
				CLANG_ENABLE_MODULES = YES;
				CLANG_ENABLE_OBJC_ARC = YES;
				CLANG_ENABLE_OBJC_WEAK = YES;
				CLANG_WARN_BLOCK_CAPTURE_AUTORELEASING = YES;
				CLANG_WARN_BOOL_CONVERSION = YES;
				CLANG_WARN_COMMA = YES;
				CLANG_WARN_CONSTANT_CONVERSION = YES;
				CLANG_WARN_DEPRECATED_OBJC_IMPLEMENTATIONS = YES;
				CLANG_WARN_DIRECT_OBJC_ISA_USAGE = YES_ERROR;
				CLANG_WARN_DOCUMENTATION_COMMENTS = YES;
				CLANG_WARN_EMPTY_BODY = YES;
				CLANG_WARN_ENUM_CONVERSION = YES;
				CLANG_WARN_INFINITE_RECURSION = YES;
				CLANG_WARN_INT_CONVERSION = YES;
				CLANG_WARN_NON_LITERAL_NULL_CONVERSION = YES;
				CLANG_WARN_OBJC_IMPLICIT_RETAIN_SELF = YES;
				CLANG_WARN_OBJC_LITERAL_CONVERSION = YES;
				CLANG_WARN_OBJC_ROOT_CLASS = YES_ERROR;
				CLANG_WARN_RANGE_LOOP_ANALYSIS = YES;
				CLANG_WARN_STRICT_PROTOTYPES = YES;
				CLANG_WARN_SUSPICIOUS_MOVE = YES;
				CLANG_WARN_UNGUARDED_AVAILABILITY = YES_AGGRESSIVE;
				CLANG_WARN_UNREACHABLE_CODE = YES;
				CLANG_WARN__DUPLICATE_METHOD_MATCH = YES;
				CODE_SIGN_IDENTITY = "iPhone Developer";
				COPY_PHASE_STRIP = NO;
				DEBUG_INFORMATION_FORMAT = "dwarf-with-dsym";
				ENABLE_NS_ASSERTIONS = NO;
				ENABLE_STRICT_OBJC_MSGSEND = YES;
				GCC_C_LANGUAGE_STANDARD = gnu11;
				GCC_NO_COMMON_BLOCKS = YES;
				GCC_WARN_64_TO_32_BIT_CONVERSION = YES;
				GCC_WARN_ABOUT_RETURN_TYPE = YES_ERROR;
				GCC_WARN_UNDECLARED_SELECTOR = YES;
				GCC_WARN_UNINITIALIZED_AUTOS = YES_AGGRESSIVE;
				GCC_WARN_UNUSED_FUNCTION = YES;
				GCC_WARN_UNUSED_VARIABLE = YES;
				IPHONEOS_DEPLOYMENT_TARGET = 11.4;
				MTL_ENABLE_DEBUG_INFO = NO;
				SDKROOT = iphoneos;
				SWIFT_COMPILATION_MODE = wholemodule;
				SWIFT_OPTIMIZATION_LEVEL = "-O";
				VALIDATE_PRODUCT = YES;
			};
			name = Release;
		};
		00EB21F5213C9CA100796168 /* Debug */ = {
			isa = XCBuildConfiguration;
			baseConfigurationReference = 7B991F67A55088408D7744CF /* Pods-AlamoJson.debug.xcconfig */;
			buildSettings = {
				ASSETCATALOG_COMPILER_APPICON_NAME = AppIcon;
				CODE_SIGN_STYLE = Automatic;
				DEVELOPMENT_TEAM = RP3J94A3ZR;
				INFOPLIST_FILE = AlamoJson/Info.plist;
				LD_RUNPATH_SEARCH_PATHS = (
					"$(inherited)",
					"@executable_path/Frameworks",
				);
				PRODUCT_BUNDLE_IDENTIFIER = AlamoJson1.0.AlamoJson;
				PRODUCT_NAME = "$(TARGET_NAME)";
				SWIFT_VERSION = 4.0;
				TARGETED_DEVICE_FAMILY = "1,2";
			};
			name = Debug;
		};
		00EB21F6213C9CA100796168 /* Release */ = {
			isa = XCBuildConfiguration;
			baseConfigurationReference = 7A4FE39EAAC9BD53A446DD32 /* Pods-AlamoJson.release.xcconfig */;
			buildSettings = {
				ASSETCATALOG_COMPILER_APPICON_NAME = AppIcon;
				CODE_SIGN_STYLE = Automatic;
				DEVELOPMENT_TEAM = R88F6LLVZX;
				INFOPLIST_FILE = AlamoJson/Info.plist;
				LD_RUNPATH_SEARCH_PATHS = (
					"$(inherited)",
					"@executable_path/Frameworks",
				);
				PRODUCT_BUNDLE_IDENTIFIER = AlamoJson1.0.AlamoJson;
				PRODUCT_NAME = "$(TARGET_NAME)";
				SWIFT_VERSION = 4.0;
				TARGETED_DEVICE_FAMILY = "1,2";
			};
			name = Release;
		};
		00EB21F8213C9CA100796168 /* Debug */ = {
			isa = XCBuildConfiguration;
			buildSettings = {
				ALWAYS_EMBED_SWIFT_STANDARD_LIBRARIES = YES;
				BUNDLE_LOADER = "$(TEST_HOST)";
				CODE_SIGN_STYLE = Automatic;
				DEVELOPMENT_TEAM = RP3J94A3ZR;
				INFOPLIST_FILE = AlamoJsonTests/Info.plist;
				LD_RUNPATH_SEARCH_PATHS = (
					"$(inherited)",
					"@executable_path/Frameworks",
					"@loader_path/Frameworks",
				);
				PRODUCT_BUNDLE_IDENTIFIER = AlamoJson1.0.AlamoJsonTests;
				PRODUCT_NAME = "$(TARGET_NAME)";
				SWIFT_VERSION = 4.0;
				TARGETED_DEVICE_FAMILY = "1,2";
				TEST_HOST = "$(BUILT_PRODUCTS_DIR)/AlamoJson.app/AlamoJson";
			};
			name = Debug;
		};
		00EB21F9213C9CA100796168 /* Release */ = {
			isa = XCBuildConfiguration;
			buildSettings = {
				ALWAYS_EMBED_SWIFT_STANDARD_LIBRARIES = YES;
				BUNDLE_LOADER = "$(TEST_HOST)";
				CODE_SIGN_STYLE = Automatic;
				DEVELOPMENT_TEAM = RP3J94A3ZR;
				INFOPLIST_FILE = AlamoJsonTests/Info.plist;
				LD_RUNPATH_SEARCH_PATHS = (
					"$(inherited)",
					"@executable_path/Frameworks",
					"@loader_path/Frameworks",
				);
				PRODUCT_BUNDLE_IDENTIFIER = AlamoJson1.0.AlamoJsonTests;
				PRODUCT_NAME = "$(TARGET_NAME)";
				SWIFT_VERSION = 4.0;
				TARGETED_DEVICE_FAMILY = "1,2";
				TEST_HOST = "$(BUILT_PRODUCTS_DIR)/AlamoJson.app/AlamoJson";
			};
			name = Release;
		};
		00EB21FB213C9CA100796168 /* Debug */ = {
			isa = XCBuildConfiguration;
			buildSettings = {
				ALWAYS_EMBED_SWIFT_STANDARD_LIBRARIES = YES;
				CODE_SIGN_STYLE = Automatic;
				DEVELOPMENT_TEAM = RP3J94A3ZR;
				INFOPLIST_FILE = AlamoJsonUITests/Info.plist;
				LD_RUNPATH_SEARCH_PATHS = (
					"$(inherited)",
					"@executable_path/Frameworks",
					"@loader_path/Frameworks",
				);
				PRODUCT_BUNDLE_IDENTIFIER = AlamoJson1.0.AlamoJsonUITests;
				PRODUCT_NAME = "$(TARGET_NAME)";
				SWIFT_VERSION = 4.0;
				TARGETED_DEVICE_FAMILY = "1,2";
				TEST_TARGET_NAME = AlamoJson;
			};
			name = Debug;
		};
		00EB21FC213C9CA100796168 /* Release */ = {
			isa = XCBuildConfiguration;
			buildSettings = {
				ALWAYS_EMBED_SWIFT_STANDARD_LIBRARIES = YES;
				CODE_SIGN_STYLE = Automatic;
				DEVELOPMENT_TEAM = RP3J94A3ZR;
				INFOPLIST_FILE = AlamoJsonUITests/Info.plist;
				LD_RUNPATH_SEARCH_PATHS = (
					"$(inherited)",
					"@executable_path/Frameworks",
					"@loader_path/Frameworks",
				);
				PRODUCT_BUNDLE_IDENTIFIER = AlamoJson1.0.AlamoJsonUITests;
				PRODUCT_NAME = "$(TARGET_NAME)";
				SWIFT_VERSION = 4.0;
				TARGETED_DEVICE_FAMILY = "1,2";
				TEST_TARGET_NAME = AlamoJson;
			};
			name = Release;
		};
/* End XCBuildConfiguration section */

/* Begin XCConfigurationList section */
		00EB21C7213C9C9900796168 /* Build configuration list for PBXProject "AlamoJson" */ = {
			isa = XCConfigurationList;
			buildConfigurations = (
				00EB21F2213C9CA100796168 /* Debug */,
				00EB21F3213C9CA100796168 /* Release */,
			);
			defaultConfigurationIsVisible = 0;
			defaultConfigurationName = Release;
		};
		00EB21F4213C9CA100796168 /* Build configuration list for PBXNativeTarget "AlamoJson" */ = {
			isa = XCConfigurationList;
			buildConfigurations = (
				00EB21F5213C9CA100796168 /* Debug */,
				00EB21F6213C9CA100796168 /* Release */,
			);
			defaultConfigurationIsVisible = 0;
			defaultConfigurationName = Release;
		};
		00EB21F7213C9CA100796168 /* Build configuration list for PBXNativeTarget "AlamoJsonTests" */ = {
			isa = XCConfigurationList;
			buildConfigurations = (
				00EB21F8213C9CA100796168 /* Debug */,
				00EB21F9213C9CA100796168 /* Release */,
			);
			defaultConfigurationIsVisible = 0;
			defaultConfigurationName = Release;
		};
		00EB21FA213C9CA100796168 /* Build configuration list for PBXNativeTarget "AlamoJsonUITests" */ = {
			isa = XCConfigurationList;
			buildConfigurations = (
				00EB21FB213C9CA100796168 /* Debug */,
				00EB21FC213C9CA100796168 /* Release */,
			);
			defaultConfigurationIsVisible = 0;
			defaultConfigurationName = Release;
		};
/* End XCConfigurationList section */
	};
	rootObject = 00EB21C4213C9C9900796168 /* Project object */;
}
